
Microsoft Visual Studio Solution File, Format Version 12.00
# Visual Studio Version 16
VisualStudioVersion = 16.0.30011.22
MinimumVisualStudioVersion = 10.0.40219.1
Project("{9A19103F-16F7-4668-BE54-9A1E7A4F7556}") = "AuditBenchmark", "AuditBenchmark.csproj", "{654E6E5B-BC38-4B04-B005-9A2011ACBCEE}"
EndProject
Project("{FAE04EC0-301F-11D3-BF4B-00C04F79EFBC}") = "AuditBenchmarkTest", "..\AuditBenchmarkTest\AuditBenchmarkTest.csproj", "{ED2D0899-53A2-4C7E-A3B9-7E5663C9F2E5}"
EndProject
Global
	GlobalSection(SolutionConfigurationPlatforms) = preSolution
		Debug|Any CPU = Debug|Any CPU
		Release|Any CPU = Release|Any CPU
	EndGlobalSection
	GlobalSection(ProjectConfigurationPlatforms) = postSolution
		{654E6E5B-BC38-4B04-B005-9A2011ACBCEE}.Debug|Any CPU.ActiveCfg = Debug|Any CPU
		{654E6E5B-BC38-4B04-B005-9A2011ACBCEE}.Debug|Any CPU.Build.0 = Debug|Any CPU
		{654E6E5B-BC38-4B04-B005-9A2011ACBCEE}.Release|Any CPU.ActiveCfg = Release|Any CPU
		{654E6E5B-BC38-4B04-B005-9A2011ACBCEE}.Release|Any CPU.Build.0 = Release|Any CPU
		{ED2D0899-53A2-4C7E-A3B9-7E5663C9F2E5}.Debug|Any CPU.ActiveCfg = Debug|Any CPU
		{ED2D0899-53A2-4C7E-A3B9-7E5663C9F2E5}.Debug|Any CPU.Build.0 = Debug|Any CPU
		{ED2D0899-53A2-4C7E-A3B9-7E5663C9F2E5}.Release|Any CPU.ActiveCfg = Release|Any CPU
		{ED2D0899-53A2-4C7E-A3B9-7E5663C9F2E5}.Release|Any CPU.Build.0 = Release|Any CPU
	EndGlobalSection
	GlobalSection(SolutionProperties) = preSolution
		HideSolutionNode = FALSE
	EndGlobalSection
	GlobalSection(ExtensibilityGlobals) = postSolution
		SolutionGuid = {4D081C45-0D7F-4D72-9571-0139A0C8C3E9}
	EndGlobalSection
EndGlobal
